
Microsoft Visual Studio Solution File, Format Version 12.00
# Visual Studio Version 16
VisualStudioVersion = 16.0.30413.136
MinimumVisualStudioVersion = 10.0.40219.1
Project("{FAE04EC0-301F-11D3-BF4B-00C04F79EFBC}") = "LojaVirtual", "LojaVirtual\LojaVirtual.csproj", "{7EB12A9B-5A42-4272-93DF-760CDB6E79CA}"
EndProject
Global
	GlobalSection(SolutionConfigurationPlatforms) = preSolution
		Debug|Any CPU = Debug|Any CPU
		Release|Any CPU = Release|Any CPU
	EndGlobalSection
	GlobalSection(ProjectConfigurationPlatforms) = postSolution
		{7EB12A9B-5A42-4272-93DF-760CDB6E79CA}.Debug|Any CPU.ActiveCfg = Debug|Any CPU
		{7EB12A9B-5A42-4272-93DF-760CDB6E79CA}.Debug|Any CPU.Build.0 = Debug|Any CPU
		{7EB12A9B-5A42-4272-93DF-760CDB6E79CA}.Release|Any CPU.ActiveCfg = Release|Any CPU
		{7EB12A9B-5A42-4272-93DF-760CDB6E79CA}.Release|Any CPU.Build.0 = Release|Any CPU
	EndGlobalSection
	GlobalSection(SolutionProperties) = preSolution
		HideSolutionNode = FALSE
	EndGlobalSection
	GlobalSection(ExtensibilityGlobals) = postSolution
		SolutionGuid = {2DDB7277-0DAA-4E18-8AD8-84E80ED4B5D7}
	EndGlobalSection
EndGlobal
